// !$*UTF8*$!
{
	archiveVersion = 1;
	classes = {
	};
	objectVersion = 77;
	objects = {

/* Begin PBXBuildFile section */
		201F94FF2FEB321300A746B5 /* MLXAudioSTT in Frameworks */ = {isa = PBXBuildFile; productRef = 201F94FE2FEB321300A746B5 /* MLXAudioSTT */; };
		201F95012FEB321300A746B5 /* MLXAudioVAD in Frameworks */ = {isa = PBXBuildFile; productRef = 201F95002FEB321300A746B5 /* MLXAudioVAD */; };
		202F6AB52FC10A4400BB1F80 /* HuggingFace in Frameworks */ = {isa = PBXBuildFile; productRef = 202F6AB42FC10A4400BB1F80 /* HuggingFace */; };
		20D87DBB30097F45003B96D5 /* FluidAudio in Frameworks */ = {isa = PBXBuildFile; productRef = 20D87DBA30097F45003B96D5 /* FluidAudio */; };
		20DEDD972FA2E23200082896 /* SpeakerKit in Frameworks */ = {isa = PBXBuildFile; productRef = 20DEDD962FA2E23200082896 /* SpeakerKit */; };
		20DEDD992FA2E23200082896 /* WhisperKit in Frameworks */ = {isa = PBXBuildFile; productRef = 20DEDD982FA2E23200082896 /* WhisperKit */; };
		20DEDDEB2FA4CE8300082896 /* ffmpeg in Resources */ = {isa = PBXBuildFile; fileRef = 20DEDDEA2FA4CE8300082896 /* ffmpeg */; };
/* End PBXBuildFile section */

/* Begin PBXFileReference section */
		20DEDD642FA2E0E100082896 /* StreamScribe.app */ = {isa = PBXFileReference; explicitFileType = wrapper.application; includeInIndex = 0; path = StreamScribe.app; sourceTree = BUILT_PRODUCTS_DIR; };
		20DEDDEA2FA4CE8300082896 /* ffmpeg */ = {isa = PBXFileReference; lastKnownFileType = "compiled.mach-o.executable"; path = ffmpeg; sourceTree = "<group>"; };
/* End PBXFileReference section */

/* Begin PBXFileSystemSynchronizedRootGroup section */
		20DEDD662FA2E0E100082896 /* StreamScribe */ = {
			isa = PBXFileSystemSynchronizedRootGroup;
			path = StreamScribe;
			sourceTree = "<group>";
		};
/* End PBXFileSystemSynchronizedRootGroup section */

/* Begin PBXFrameworksBuildPhase section */
		20DEDD612FA2E0E100082896 /* Frameworks */ = {
			isa = PBXFrameworksBuildPhase;
			buildActionMask = 2147483647;
			files = (
				20DEDD992FA2E23200082896 /* WhisperKit in Frameworks */,
				201F95012FEB321300A746B5 /* MLXAudioVAD in Frameworks */,
				20DEDD972FA2E23200082896 /* SpeakerKit in Frameworks */,
				201F94FF2FEB321300A746B5 /* MLXAudioSTT in Frameworks */,
				20D87DBB30097F45003B96D5 /* FluidAudio in Frameworks */,
				202F6AB52FC10A4400BB1F80 /* HuggingFace in Frameworks */,
			);
			runOnlyForDeploymentPostprocessing = 0;
		};
/* End PBXFrameworksBuildPhase section */

/* Begin PBXGroup section */
		20DEDD5B2FA2E0E100082896 = {
			isa = PBXGroup;
			children = (
				20DEDD662FA2E0E100082896 /* StreamScribe */,
				20DEDD652FA2E0E100082896 /* Products */,
				20DEDDEA2FA4CE8300082896 /* ffmpeg */,
			);
			sourceTree = "<group>";
		};
		20DEDD652FA2E0E100082896 /* Products */ = {
			isa = PBXGroup;
			children = (
				20DEDD642FA2E0E100082896 /* StreamScribe.app */,
			);
			name = Products;
			sourceTree = "<group>";
		};
/* End PBXGroup section */

/* Begin PBXNativeTarget section */
		20DEDD632FA2E0E100082896 /* StreamScribe */ = {
			isa = PBXNativeTarget;
			buildConfigurationList = 20DEDD6F2FA2E0E300082896 /* Build configuration list for PBXNativeTarget "StreamScribe" */;
			buildPhases = (
				20DEDD602FA2E0E100082896 /* Sources */,
				20DEDD612FA2E0E100082896 /* Frameworks */,
				20DEDD622FA2E0E100082896 /* Resources */,
				20DEDDF62FA9369100082896 /* Run Script */,
			);
			buildRules = (
			);
			dependencies = (
			);
			fileSystemSynchronizedGroups = (
				20DEDD662FA2E0E100082896 /* StreamScribe */,
			);
			name = StreamScribe;
			packageProductDependencies = (
				20DEDD962FA2E23200082896 /* SpeakerKit */,
				20DEDD982FA2E23200082896 /* WhisperKit */,
				202F6AB42FC10A4400BB1F80 /* HuggingFace */,
				201F94FE2FEB321300A746B5 /* MLXAudioSTT */,
				201F95002FEB321300A746B5 /* MLXAudioVAD */,
				20D87DBA30097F45003B96D5 /* FluidAudio */,
			);
			productName = StreamScribe;
			productReference = 20DEDD642FA2E0E100082896 /* StreamScribe.app */;
			productType = "com.apple.product-type.application";
		};
/* End PBXNativeTarget section */

/* Begin PBXProject section */
		20DEDD5C2FA2E0E100082896 /* Project object */ = {
			isa = PBXProject;
			attributes = {
				BuildIndependentTargetsInParallel = 1;
				LastSwiftUpdateCheck = 2630;
				LastUpgradeCheck = 2630;
				TargetAttributes = {
					20DEDD632FA2E0E100082896 = {
						CreatedOnToolsVersion = 26.3;
					};
				};
			};
			buildConfigurationList = 20DEDD5F2FA2E0E100082896 /* Build configuration list for PBXProject "StreamScribe" */;
			developmentRegion = en;
			hasScannedForEncodings = 0;
			knownRegions = (
				en,
				Base,
			);
			mainGroup = 20DEDD5B2FA2E0E100082896;
			minimizedProjectReferenceProxies = 1;
			packageReferences = (
				20DEDD952FA2E23200082896 /* XCRemoteSwiftPackageReference "argmax-oss-swift" */,
				202F6AB32FC10A4400BB1F80 /* XCRemoteSwiftPackageReference "swift-huggingface" */,
				201F94FD2FEB321300A746B5 /* XCRemoteSwiftPackageReference "mlx-audio-swift" */,
				20D87DB930097F45003B96D5 /* XCRemoteSwiftPackageReference "FluidAudio" */,
			);
			preferredProjectObjectVersion = 77;
			productRefGroup = 20DEDD652FA2E0E100082896 /* Products */;
			projectDirPath = "";
			projectRoot = "";
			targets = (
				20DEDD632FA2E0E100082896 /* StreamScribe */,
			);
		};
/* End PBXProject section */

/* Begin PBXResourcesBuildPhase section */
		20DEDD622FA2E0E100082896 /* Resources */ = {
			isa = PBXResourcesBuildPhase;
			buildActionMask = 2147483647;
			files = (
				20DEDDEB2FA4CE8300082896 /* ffmpeg in Resources */,
			);
			runOnlyForDeploymentPostprocessing = 0;
		};
/* End PBXResourcesBuildPhase section */

/* Begin PBXShellScriptBuildPhase section */
		20DEDDF62FA9369100082896 /* Run Script */ = {
			isa = PBXShellScriptBuildPhase;
			buildActionMask = 2147483647;
			files = (
			);
			inputFileListPaths = (
			);
			inputPaths = (
			);
			name = "Run Script";
			outputFileListPaths = (
			);
			outputPaths = (
			);
			runOnlyForDeploymentPostprocessing = 0;
			shellPath = /bin/sh;
			shellScript = "codesign --force --options=runtime \\\n--sign \"${EXPANDED_CODE_SIGN_IDENTITY_NAME}\" \\\n\"${BUILT_PRODUCTS_DIR}/${WRAPPER_NAME}/Contents/Resources/ffmpeg\"\n";
		};
/* End PBXShellScriptBuildPhase section */

/* Begin PBXSourcesBuildPhase section */
		20DEDD602FA2E0E100082896 /* Sources */ = {
			isa = PBXSourcesBuildPhase;
			buildActionMask = 2147483647;
			files = (
			);
			runOnlyForDeploymentPostprocessing = 0;
		};
/* End PBXSourcesBuildPhase section */

/* Begin XCBuildConfiguration section */
		20DEDD6D2FA2E0E300082896 /* Debug */ = {
			isa = XCBuildConfiguration;
			buildSettings = {
				ALWAYS_SEARCH_USER_PATHS = NO;
				ASSETCATALOG_COMPILER_GENERATE_SWIFT_ASSET_SYMBOL_EXTENSIONS = YES;
				CLANG_ANALYZER_NONNULL = YES;
				CLANG_ANALYZER_NUMBER_OBJECT_CONVERSION = YES_AGGRESSIVE;
				CLANG_CXX_LANGUAGE_STANDARD = "gnu++20";
				CLANG_ENABLE_MODULES = YES;
				CLANG_ENABLE_OBJC_ARC = YES;
				CLANG_ENABLE_OBJC_WEAK = YES;
				CLANG_WARN_BLOCK_CAPTURE_AUTORELEASING = YES;
				CLANG_WARN_BOOL_CONVERSION = YES;
				CLANG_WARN_COMMA = YES;
				CLANG_WARN_CONSTANT_CONVERSION = YES;
				CLANG_WARN_DEPRECATED_OBJC_IMPLEMENTATIONS = YES;
				CLANG_WARN_DIRECT_OBJC_ISA_USAGE = YES_ERROR;
				CLANG_WARN_DOCUMENTATION_COMMENTS = YES;
				CLANG_WARN_EMPTY_BODY = YES;
				CLANG_WARN_ENUM_CONVERSION = YES;
				CLANG_WARN_INFINITE_RECURSION = YES;
				CLANG_WARN_INT_CONVERSION = YES;
				CLANG_WARN_NON_LITERAL_NULL_CONVERSION = YES;
				CLANG_WARN_OBJC_IMPLICIT_RETAIN_SELF = YES;
				CLANG_WARN_OBJC_LITERAL_CONVERSION = YES;
				CLANG_WARN_OBJC_ROOT_CLASS = YES_ERROR;
				CLANG_WARN_QUOTED_INCLUDE_IN_FRAMEWORK_HEADER = YES;
				CLANG_WARN_RANGE_LOOP_ANALYSIS = YES;
				CLANG_WARN_STRICT_PROTOTYPES = YES;
				CLANG_WARN_SUSPICIOUS_MOVE = YES;
				CLANG_WARN_UNGUARDED_AVAILABILITY = YES_AGGRESSIVE;
				CLANG_WARN_UNREACHABLE_CODE = YES;
				CLANG_WARN__DUPLICATE_METHOD_MATCH = YES;
				COPY_PHASE_STRIP = NO;
				DEBUG_INFORMATION_FORMAT = dwarf;
				DEVELOPMENT_TEAM = VPVT7K828H;
				ENABLE_HARDENED_RUNTIME = YES;
				ENABLE_STRICT_OBJC_MSGSEND = YES;
				ENABLE_TESTABILITY = YES;
				ENABLE_USER_SCRIPT_SANDBOXING = NO;
				GCC_C_LANGUAGE_STANDARD = gnu17;
				GCC_DYNAMIC_NO_PIC = NO;
				GCC_NO_COMMON_BLOCKS = YES;
				GCC_OPTIMIZATION_LEVEL = 0;
				GCC_PREPROCESSOR_DEFINITIONS = (
					"DEBUG=1",
					"$(inherited)",
				);
				GCC_WARN_64_TO_32_BIT_CONVERSION = YES;
				GCC_WARN_ABOUT_RETURN_TYPE = YES_ERROR;
				GCC_WARN_UNDECLARED_SELECTOR = YES;
				GCC_WARN_UNINITIALIZED_AUTOS = YES_AGGRESSIVE;
				GCC_WARN_UNUSED_FUNCTION = YES;
				GCC_WARN_UNUSED_VARIABLE = YES;
				LOCALIZATION_PREFERS_STRING_CATALOGS = YES;
				MACOSX_DEPLOYMENT_TARGET = 14.6;
				MTL_ENABLE_DEBUG_INFO = INCLUDE_SOURCE;
				MTL_FAST_MATH = YES;
				ONLY_ACTIVE_ARCH = YES;
				SDKROOT = macosx;
				SWIFT_ACTIVE_COMPILATION_CONDITIONS = "DEBUG $(inherited)";
				SWIFT_OPTIMIZATION_LEVEL = "-Onone";
				SWIFT_VERSION = 6.0;
			};
			name = Debug;
		};
		20DEDD6E2FA2E0E300082896 /* Release */ = {
			isa = XCBuildConfiguration;
			buildSettings = {
				ALWAYS_SEARCH_USER_PATHS = NO;
				ASSETCATALOG_COMPILER_GENERATE_SWIFT_ASSET_SYMBOL_EXTENSIONS = YES;
				CLANG_ANALYZER_NONNULL = YES;
				CLANG_ANALYZER_NUMBER_OBJECT_CONVERSION = YES_AGGRESSIVE;
				CLANG_CXX_LANGUAGE_STANDARD = "gnu++20";
				CLANG_ENABLE_MODULES = YES;
				CLANG_ENABLE_OBJC_ARC = YES;
				CLANG_ENABLE_OBJC_WEAK = YES;
				CLANG_WARN_BLOCK_CAPTURE_AUTORELEASING = YES;
				CLANG_WARN_BOOL_CONVERSION = YES;
				CLANG_WARN_COMMA = YES;
				CLANG_WARN_CONSTANT_CONVERSION = YES;
				CLANG_WARN_DEPRECATED_OBJC_IMPLEMENTATIONS = YES;
				CLANG_WARN_DIRECT_OBJC_ISA_USAGE = YES_ERROR;
				CLANG_WARN_DOCUMENTATION_COMMENTS = YES;
				CLANG_WARN_EMPTY_BODY = YES;
				CLANG_WARN_ENUM_CONVERSION = YES;
				CLANG_WARN_INFINITE_RECURSION = YES;
				CLANG_WARN_INT_CONVERSION = YES;
				CLANG_WARN_NON_LITERAL_NULL_CONVERSION = YES;
				CLANG_WARN_OBJC_IMPLICIT_RETAIN_SELF = YES;
				CLANG_WARN_OBJC_LITERAL_CONVERSION = YES;
				CLANG_WARN_OBJC_ROOT_CLASS = YES_ERROR;
				CLANG_WARN_QUOTED_INCLUDE_IN_FRAMEWORK_HEADER = YES;
				CLANG_WARN_RANGE_LOOP_ANALYSIS = YES;
				CLANG_WARN_STRICT_PROTOTYPES = YES;
				CLANG_WARN_SUSPICIOUS_MOVE = YES;
				CLANG_WARN_UNGUARDED_AVAILABILITY = YES_AGGRESSIVE;
				CLANG_WARN_UNREACHABLE_CODE = YES;
				CLANG_WARN__DUPLICATE_METHOD_MATCH = YES;
				COPY_PHASE_STRIP = NO;
				DEBUG_INFORMATION_FORMAT = "dwarf-with-dsym";
				DEVELOPMENT_TEAM = VPVT7K828H;
				ENABLE_HARDENED_RUNTIME = YES;
				ENABLE_NS_ASSERTIONS = NO;
				ENABLE_STRICT_OBJC_MSGSEND = YES;
				ENABLE_USER_SCRIPT_SANDBOXING = NO;
				GCC_C_LANGUAGE_STANDARD = gnu17;
				GCC_NO_COMMON_BLOCKS = YES;
				GCC_WARN_64_TO_32_BIT_CONVERSION = YES;
				GCC_WARN_ABOUT_RETURN_TYPE = YES_ERROR;
				GCC_WARN_UNDECLARED_SELECTOR = YES;
				GCC_WARN_UNINITIALIZED_AUTOS = YES_AGGRESSIVE;
				GCC_WARN_UNUSED_FUNCTION = YES;
				GCC_WARN_UNUSED_VARIABLE = YES;
				LOCALIZATION_PREFERS_STRING_CATALOGS = YES;
				MACOSX_DEPLOYMENT_TARGET = 14.6;
				MTL_ENABLE_DEBUG_INFO = NO;
				MTL_FAST_MATH = YES;
				SDKROOT = macosx;
				SWIFT_COMPILATION_MODE = wholemodule;
				SWIFT_VERSION = 6.0;
			};
			name = Release;
		};
		20DEDD702FA2E0E300082896 /* Debug */ = {
			isa = XCBuildConfiguration;
			buildSettings = {
				ASSETCATALOG_COMPILER_APPICON_NAME = AppIcon;
				ASSETCATALOG_COMPILER_GLOBAL_ACCENT_COLOR_NAME = AccentColor;
				AUTOMATION_APPLE_EVENTS = NO;
				CODE_SIGN_STYLE = Automatic;
				COMBINE_HIDPI_IMAGES = YES;
				CURRENT_PROJECT_VERSION = 40;
				DEVELOPMENT_TEAM = VPVT7K828H;
				ENABLE_APP_SANDBOX = NO;
				ENABLE_HARDENED_RUNTIME = YES;
				ENABLE_PREVIEWS = YES;
				ENABLE_RESOURCE_ACCESS_AUDIO_INPUT = NO;
				ENABLE_RESOURCE_ACCESS_CALENDARS = NO;
				ENABLE_RESOURCE_ACCESS_CAMERA = NO;
				ENABLE_RESOURCE_ACCESS_CONTACTS = NO;
				ENABLE_RESOURCE_ACCESS_LOCATION = NO;
				ENABLE_RESOURCE_ACCESS_PHOTO_LIBRARY = NO;
				ENABLE_USER_SCRIPT_SANDBOXING = NO;
				GENERATE_INFOPLIST_FILE = YES;
				INFOPLIST_KEY_LSApplicationCategoryType = "public.app-category.utilities";
				INFOPLIST_KEY_NSDesktopFolderUsageDescription = "\"StreamScribe accesses files you select from your Desktop for transcription.\"";
				INFOPLIST_KEY_NSDocumentsFolderUsageDescription = "\"StreamScribe stores transcription model files in your Documents folder.\"";
				INFOPLIST_KEY_NSDownloadsFolderUsageDescription = "\"StreamScribe accesses files you select from your Downloads folder for transcription.\"";
				INFOPLIST_KEY_NSHumanReadableCopyright = "";
				LD_RUNPATH_SEARCH_PATHS = (
					"$(inherited)",
					"@executable_path/../Frameworks",
				);
				MARKETING_VERSION = 1.1.2;
				PRODUCT_BUNDLE_IDENTIFIER = "PLUS-PR.StreamScribe";
				PRODUCT_NAME = "$(TARGET_NAME)";
				REGISTER_APP_GROUPS = YES;
				RUNTIME_EXCEPTION_ALLOW_DYLD_ENVIRONMENT_VARIABLES = NO;
				RUNTIME_EXCEPTION_ALLOW_JIT = NO;
				RUNTIME_EXCEPTION_ALLOW_UNSIGNED_EXECUTABLE_MEMORY = NO;
				RUNTIME_EXCEPTION_DEBUGGING_TOOL = NO;
				RUNTIME_EXCEPTION_DISABLE_EXECUTABLE_PAGE_PROTECTION = NO;
				RUNTIME_EXCEPTION_DISABLE_LIBRARY_VALIDATION = YES;
				STRING_CATALOG_GENERATE_SYMBOLS = YES;
				SWIFT_APPROACHABLE_CONCURRENCY = YES;
				SWIFT_DEFAULT_ACTOR_ISOLATION = MainActor;
				SWIFT_EMIT_LOC_STRINGS = YES;
				SWIFT_UPCOMING_FEATURE_MEMBER_IMPORT_VISIBILITY = YES;
				SWIFT_VERSION = 5.0;
			};
			name = Debug;
		};
		20DEDD712FA2E0E300082896 /* Release */ = {
			isa = XCBuildConfiguration;
			buildSettings = {
				ASSETCATALOG_COMPILER_APPICON_NAME = AppIcon;
				ASSETCATALOG_COMPILER_GLOBAL_ACCENT_COLOR_NAME = AccentColor;
				AUTOMATION_APPLE_EVENTS = NO;
				CODE_SIGN_STYLE = Automatic;
				COMBINE_HIDPI_IMAGES = YES;
				CURRENT_PROJECT_VERSION = 40;
				DEVELOPMENT_TEAM = VPVT7K828H;
				ENABLE_APP_SANDBOX = NO;
				ENABLE_HARDENED_RUNTIME = YES;
				ENABLE_PREVIEWS = YES;
				ENABLE_RESOURCE_ACCESS_AUDIO_INPUT = NO;
				ENABLE_RESOURCE_ACCESS_CALENDARS = NO;
				ENABLE_RESOURCE_ACCESS_CAMERA = NO;
				ENABLE_RESOURCE_ACCESS_CONTACTS = NO;
				ENABLE_RESOURCE_ACCESS_LOCATION = NO;
				ENABLE_RESOURCE_ACCESS_PHOTO_LIBRARY = NO;
				ENABLE_USER_SCRIPT_SANDBOXING = NO;
				GENERATE_INFOPLIST_FILE = YES;
				INFOPLIST_KEY_LSApplicationCategoryType = "public.app-category.utilities";
				INFOPLIST_KEY_NSDesktopFolderUsageDescription = "\"StreamScribe accesses files you select from your Desktop for transcription.\"";
				INFOPLIST_KEY_NSDocumentsFolderUsageDescription = "\"StreamScribe stores transcription model files in your Documents folder.\"";
				INFOPLIST_KEY_NSDownloadsFolderUsageDescription = "\"StreamScribe accesses files you select from your Downloads folder for transcription.\"";
				INFOPLIST_KEY_NSHumanReadableCopyright = "";
				LD_RUNPATH_SEARCH_PATHS = (
					"$(inherited)",
					"@executable_path/../Frameworks",
				);
				MARKETING_VERSION = 1.1.2;
				PRODUCT_BUNDLE_IDENTIFIER = "PLUS-PR.StreamScribe";
				PRODUCT_NAME = "$(TARGET_NAME)";
				REGISTER_APP_GROUPS = YES;
				RUNTIME_EXCEPTION_ALLOW_DYLD_ENVIRONMENT_VARIABLES = NO;
				RUNTIME_EXCEPTION_ALLOW_JIT = NO;
				RUNTIME_EXCEPTION_ALLOW_UNSIGNED_EXECUTABLE_MEMORY = NO;
				RUNTIME_EXCEPTION_DEBUGGING_TOOL = NO;
				RUNTIME_EXCEPTION_DISABLE_EXECUTABLE_PAGE_PROTECTION = NO;
				RUNTIME_EXCEPTION_DISABLE_LIBRARY_VALIDATION = YES;
				STRING_CATALOG_GENERATE_SYMBOLS = YES;
				SWIFT_APPROACHABLE_CONCURRENCY = YES;
				SWIFT_DEFAULT_ACTOR_ISOLATION = MainActor;
				SWIFT_EMIT_LOC_STRINGS = YES;
				SWIFT_UPCOMING_FEATURE_MEMBER_IMPORT_VISIBILITY = YES;
				SWIFT_VERSION = 5.0;
			};
			name = Release;
		};
/* End XCBuildConfiguration section */

/* Begin XCConfigurationList section */
		20DEDD5F2FA2E0E100082896 /* Build configuration list for PBXProject "StreamScribe" */ = {
			isa = XCConfigurationList;
			buildConfigurations = (
				20DEDD6D2FA2E0E300082896 /* Debug */,
				20DEDD6E2FA2E0E300082896 /* Release */,
			);
			defaultConfigurationIsVisible = 0;
			defaultConfigurationName = Release;
		};
		20DEDD6F2FA2E0E300082896 /* Build configuration list for PBXNativeTarget "StreamScribe" */ = {
			isa = XCConfigurationList;
			buildConfigurations = (
				20DEDD702FA2E0E300082896 /* Debug */,
				20DEDD712FA2E0E300082896 /* Release */,
			);
			defaultConfigurationIsVisible = 0;
			defaultConfigurationName = Release;
		};
/* End XCConfigurationList section */

/* Begin XCRemoteSwiftPackageReference section */
		201F94FD2FEB321300A746B5 /* XCRemoteSwiftPackageReference "mlx-audio-swift" */ = {
			isa = XCRemoteSwiftPackageReference;
			repositoryURL = "https://github.com/JForte-InnoHub/mlx-audio-swift";
			requirement = {
				kind = revision;
				revision = 652e7c0ef1970aca7c13e03b502b5782a3773735;
			};
		};
		202F6AB32FC10A4400BB1F80 /* XCRemoteSwiftPackageReference "swift-huggingface" */ = {
			isa = XCRemoteSwiftPackageReference;
			repositoryURL = "https://github.com/huggingface/swift-huggingface";
			requirement = {
				kind = upToNextMajorVersion;
				minimumVersion = 0.9.0;
			};
		};
		20D87DB930097F45003B96D5 /* XCRemoteSwiftPackageReference "FluidAudio" */ = {
			isa = XCRemoteSwiftPackageReference;
			repositoryURL = "https://github.com/JForte-InnoHub/FluidAudio.git";
			requirement = {
				kind = revision;
				revision = 981ecd345a5294e6b78a67b8748a25d5a12b1137;
			};
		};
		20DEDD952FA2E23200082896 /* XCRemoteSwiftPackageReference "argmax-oss-swift" */ = {
			isa = XCRemoteSwiftPackageReference;
			repositoryURL = "https://github.com/argmaxinc/argmax-oss-swift";
			requirement = {
				kind = upToNextMajorVersion;
				minimumVersion = 0.18.0;
			};
		};
/* End XCRemoteSwiftPackageReference section */

/* Begin XCSwiftPackageProductDependency section */
		201F94FE2FEB321300A746B5 /* MLXAudioSTT */ = {
			isa = XCSwiftPackageProductDependency;
			package = 201F94FD2FEB321300A746B5 /* XCRemoteSwiftPackageReference "mlx-audio-swift" */;
			productName = MLXAudioSTT;
		};
		201F95002FEB321300A746B5 /* MLXAudioVAD */ = {
			isa = XCSwiftPackageProductDependency;
			package = 201F94FD2FEB321300A746B5 /* XCRemoteSwiftPackageReference "mlx-audio-swift" */;
			productName = MLXAudioVAD;
		};
		202F6AB42FC10A4400BB1F80 /* HuggingFace */ = {
			isa = XCSwiftPackageProductDependency;
			package = 202F6AB32FC10A4400BB1F80 /* XCRemoteSwiftPackageReference "swift-huggingface" */;
			productName = HuggingFace;
		};
		20D87DBA30097F45003B96D5 /* FluidAudio */ = {
			isa = XCSwiftPackageProductDependency;
			package = 20D87DB930097F45003B96D5 /* XCRemoteSwiftPackageReference "FluidAudio" */;
			productName = FluidAudio;
		};
		20DEDD962FA2E23200082896 /* SpeakerKit */ = {
			isa = XCSwiftPackageProductDependency;
			package = 20DEDD952FA2E23200082896 /* XCRemoteSwiftPackageReference "argmax-oss-swift" */;
			productName = SpeakerKit;
		};
		20DEDD982FA2E23200082896 /* WhisperKit */ = {
			isa = XCSwiftPackageProductDependency;
			package = 20DEDD952FA2E23200082896 /* XCRemoteSwiftPackageReference "argmax-oss-swift" */;
			productName = WhisperKit;
		};
/* End XCSwiftPackageProductDependency section */
	};
	rootObject = 20DEDD5C2FA2E0E100082896 /* Project object */;
}
